
Microsoft Visual Studio Solution File, Format Version 12.00
# Visual Studio Version 17
VisualStudioVersion = 17.4.33213.308
MinimumVisualStudioVersion = 10.0.40219.1
Project("{FAE04EC0-301F-11D3-BF4B-00C04F79EFBC}") = "NetCleanArchitectureMvc.Domain", "NetCleanArchitectureMvc.Domain\NetCleanArchitectureMvc.Domain.csproj", "{DC45F02D-EBEF-43A9-9EFD-8A830DCE924C}"
EndProject
Project("{FAE04EC0-301F-11D3-BF4B-00C04F79EFBC}") = "NetCleanArchitectureMvc.Application", "NetCleanArchitectureMvc.Application\NetCleanArchitectureMvc.Application.csproj", "{C8776A2B-2935-4CBE-8AAD-CE2B4652BC68}"
EndProject
Project("{FAE04EC0-301F-11D3-BF4B-00C04F79EFBC}") = "NetCleanArchitectureMvc.Infra.Data", "NetCleanArchitectureMvc.Infra.Data\NetCleanArchitectureMvc.Infra.Data.csproj", "{F5445B0A-02A3-49EE-A188-243DDF98E278}"
EndProject
Project("{FAE04EC0-301F-11D3-BF4B-00C04F79EFBC}") = "NetCleanArchitectureMvc.Infra.IoC", "NetCleanArchitectureMvc.Infra.IoC\NetCleanArchitectureMvc.Infra.IoC.csproj", "{75C57710-4ACB-443C-9798-BD98962540C9}"
EndProject
Project("{FAE04EC0-301F-11D3-BF4B-00C04F79EFBC}") = "NetCleanArchitectureMvc.WebUI", "NetCleanArchitectureMvc.WebUI\NetCleanArchitectureMvc.WebUI.csproj", "{78D1A3E5-E299-4925-A105-11C41235C525}"
EndProject
Global
	GlobalSection(SolutionConfigurationPlatforms) = preSolution
		Debug|Any CPU = Debug|Any CPU
		Release|Any CPU = Release|Any CPU
	EndGlobalSection
	GlobalSection(ProjectConfigurationPlatforms) = postSolution
		{DC45F02D-EBEF-43A9-9EFD-8A830DCE924C}.Debug|Any CPU.ActiveCfg = Debug|Any CPU
		{DC45F02D-EBEF-43A9-9EFD-8A830DCE924C}.Debug|Any CPU.Build.0 = Debug|Any CPU
		{DC45F02D-EBEF-43A9-9EFD-8A830DCE924C}.Release|Any CPU.ActiveCfg = Release|Any CPU
		{DC45F02D-EBEF-43A9-9EFD-8A830DCE924C}.Release|Any CPU.Build.0 = Release|Any CPU
		{C8776A2B-2935-4CBE-8AAD-CE2B4652BC68}.Debug|Any CPU.ActiveCfg = Debug|Any CPU
		{C8776A2B-2935-4CBE-8AAD-CE2B4652BC68}.Debug|Any CPU.Build.0 = Debug|Any CPU
		{C8776A2B-2935-4CBE-8AAD-CE2B4652BC68}.Release|Any CPU.ActiveCfg = Release|Any CPU
		{C8776A2B-2935-4CBE-8AAD-CE2B4652BC68}.Release|Any CPU.Build.0 = Release|Any CPU
		{F5445B0A-02A3-49EE-A188-243DDF98E278}.Debug|Any CPU.ActiveCfg = Debug|Any CPU
		{F5445B0A-02A3-49EE-A188-243DDF98E278}.Debug|Any CPU.Build.0 = Debug|Any CPU
		{F5445B0A-02A3-49EE-A188-243DDF98E278}.Release|Any CPU.ActiveCfg = Release|Any CPU
		{F5445B0A-02A3-49EE-A188-243DDF98E278}.Release|Any CPU.Build.0 = Release|Any CPU
		{75C57710-4ACB-443C-9798-BD98962540C9}.Debug|Any CPU.ActiveCfg = Debug|Any CPU
		{75C57710-4ACB-443C-9798-BD98962540C9}.Debug|Any CPU.Build.0 = Debug|Any CPU
		{75C57710-4ACB-443C-9798-BD98962540C9}.Release|Any CPU.ActiveCfg = Release|Any CPU
		{75C57710-4ACB-443C-9798-BD98962540C9}.Release|Any CPU.Build.0 = Release|Any CPU
		{78D1A3E5-E299-4925-A105-11C41235C525}.Debug|Any CPU.ActiveCfg = Debug|Any CPU
		{78D1A3E5-E299-4925-A105-11C41235C525}.Debug|Any CPU.Build.0 = Debug|Any CPU
		{78D1A3E5-E299-4925-A105-11C41235C525}.Release|Any CPU.ActiveCfg = Release|Any CPU
		{78D1A3E5-E299-4925-A105-11C41235C525}.Release|Any CPU.Build.0 = Release|Any CPU
	EndGlobalSection
	GlobalSection(SolutionProperties) = preSolution
		HideSolutionNode = FALSE
	EndGlobalSection
	GlobalSection(ExtensibilityGlobals) = postSolution
		SolutionGuid = {ED378732-188C-4F66-A8B3-A63BB4380B3F}
	EndGlobalSection
EndGlobal
